// !$*UTF8*$!
{
	archiveVersion = 1;
	classes = {
	};
	objectVersion = 56;
	objects = {

/* Begin PBXBuildFile section */
		B2BE1FE42D0B557300BC4472 /* AppDelegate.swift in Sources */ = {isa = PBXBuildFile; fileRef = B2BE1FE32D0B557300BC4472 /* AppDelegate.swift */; };
		B2BE1FE62D0B557300BC4472 /* SceneDelegate.swift in Sources */ = {isa = PBXBuildFile; fileRef = B2BE1FE52D0B557300BC4472 /* SceneDelegate.swift */; };
		B2BE1FE82D0B557300BC4472 /* MainViewController.swift in Sources */ = {isa = PBXBuildFile; fileRef = B2BE1FE72D0B557300BC4472 /* MainViewController.swift */; };
		B2BE1FEB2D0B557300BC4472 /* Base in Resources */ = {isa = PBXBuildFile; fileRef = B2BE1FEA2D0B557300BC4472 /* Base */; };
		B2BE1FED2D0B557400BC4472 /* Assets.xcassets in Resources */ = {isa = PBXBuildFile; fileRef = B2BE1FEC2D0B557400BC4472 /* Assets.xcassets */; };
		B2BE1FF02D0B557400BC4472 /* Base in Resources */ = {isa = PBXBuildFile; fileRef = B2BE1FEF2D0B557400BC4472 /* Base */; };
		B2BE1FF82D0B57E300BC4472 /* Horoscope.swift in Sources */ = {isa = PBXBuildFile; fileRef = B2BE1FF72D0B57E300BC4472 /* Horoscope.swift */; };
		B2BE1FFA2D0B5CA700BC4472 /* HoroscopeViewCell.swift in Sources */ = {isa = PBXBuildFile; fileRef = B2BE1FF92D0B5CA700BC4472 /* HoroscopeViewCell.swift */; };
		B2CFB3652D0CA62900321D1F /* DetailViewController.swift in Sources */ = {isa = PBXBuildFile; fileRef = B2CFB3642D0CA62900321D1F /* DetailViewController.swift */; };
		B2D5E3202D10AC1B00E5FFA1 /* SessionManager.swift in Sources */ = {isa = PBXBuildFile; fileRef = B2D5E31F2D10AC1B00E5FFA1 /* SessionManager.swift */; };
/* End PBXBuildFile section */

/* Begin PBXFileReference section */
		B2BE1FE02D0B557300BC4472 /* Horoscopo.app */ = {isa = PBXFileReference; explicitFileType = wrapper.application; includeInIndex = 0; path = Horoscopo.app; sourceTree = BUILT_PRODUCTS_DIR; };
		B2BE1FE32D0B557300BC4472 /* AppDelegate.swift */ = {isa = PBXFileReference; lastKnownFileType = sourcecode.swift; path = AppDelegate.swift; sourceTree = "<group>"; };
		B2BE1FE52D0B557300BC4472 /* SceneDelegate.swift */ = {isa = PBXFileReference; lastKnownFileType = sourcecode.swift; path = SceneDelegate.swift; sourceTree = "<group>"; };
		B2BE1FE72D0B557300BC4472 /* MainViewController.swift */ = {isa = PBXFileReference; lastKnownFileType = sourcecode.swift; path = MainViewController.swift; sourceTree = "<group>"; };
		B2BE1FEA2D0B557300BC4472 /* Base */ = {isa = PBXFileReference; lastKnownFileType = file.storyboard; name = Base; path = Base.lproj/Main.storyboard; sourceTree = "<group>"; };
		B2BE1FEC2D0B557400BC4472 /* Assets.xcassets */ = {isa = PBXFileReference; lastKnownFileType = folder.assetcatalog; path = Assets.xcassets; sourceTree = "<group>"; };
		B2BE1FEF2D0B557400BC4472 /* Base */ = {isa = PBXFileReference; lastKnownFileType = file.storyboard; name = Base; path = Base.lproj/LaunchScreen.storyboard; sourceTree = "<group>"; };
		B2BE1FF12D0B557400BC4472 /* Info.plist */ = {isa = PBXFileReference; lastKnownFileType = text.plist.xml; path = Info.plist; sourceTree = "<group>"; };
		B2BE1FF72D0B57E300BC4472 /* Horoscope.swift */ = {isa = PBXFileReference; lastKnownFileType = sourcecode.swift; path = Horoscope.swift; sourceTree = "<group>"; };
		B2BE1FF92D0B5CA700BC4472 /* HoroscopeViewCell.swift */ = {isa = PBXFileReference; lastKnownFileType = sourcecode.swift; path = HoroscopeViewCell.swift; sourceTree = "<group>"; };
		B2CFB3642D0CA62900321D1F /* DetailViewController.swift */ = {isa = PBXFileReference; lastKnownFileType = sourcecode.swift; path = DetailViewController.swift; sourceTree = "<group>"; };
		B2D5E31F2D10AC1B00E5FFA1 /* SessionManager.swift */ = {isa = PBXFileReference; lastKnownFileType = sourcecode.swift; path = SessionManager.swift; sourceTree = "<group>"; };
/* End PBXFileReference section */

/* Begin PBXFrameworksBuildPhase section */
		B2BE1FDD2D0B557300BC4472 /* Frameworks */ = {
			isa = PBXFrameworksBuildPhase;
			buildActionMask = 2147483647;
			files = (
			);
			runOnlyForDeploymentPostprocessing = 0;
		};
/* End PBXFrameworksBuildPhase section */

/* Begin PBXGroup section */
		B2BE1FD72D0B557300BC4472 = {
			isa = PBXGroup;
			children = (
				B2BE1FE22D0B557300BC4472 /* Horoscopo */,
				B2BE1FE12D0B557300BC4472 /* Products */,
			);
			sourceTree = "<group>";
		};
		B2BE1FE12D0B557300BC4472 /* Products */ = {
			isa = PBXGroup;
			children = (
				B2BE1FE02D0B557300BC4472 /* Horoscopo.app */,
			);
			name = Products;
			sourceTree = "<group>";
		};
		B2BE1FE22D0B557300BC4472 /* Horoscopo */ = {
			isa = PBXGroup;
			children = (
				B2D5E31C2D10AB1500E5FFA1 /* Views */,
				B2D5E31B2D10AB0C00E5FFA1 /* ViewControllers */,
				B2D5E31E2D10AB8100E5FFA1 /* TableViewCells */,
				B2D5E31D2D10AB3E00E5FFA1 /* Entities */,
				B2D5E31A2D10AAC100E5FFA1 /* Utils */,
				B2BE1FE32D0B557300BC4472 /* AppDelegate.swift */,
				B2BE1FE52D0B557300BC4472 /* SceneDelegate.swift */,
				B2BE1FEC2D0B557400BC4472 /* Assets.xcassets */,
				B2BE1FF12D0B557400BC4472 /* Info.plist */,
			);
			path = Horoscopo;
			sourceTree = "<group>";
		};
		B2D5E31A2D10AAC100E5FFA1 /* Utils */ = {
			isa = PBXGroup;
			children = (
				B2D5E31F2D10AC1B00E5FFA1 /* SessionManager.swift */,
			);
			path = Utils;
			sourceTree = "<group>";
		};
		B2D5E31B2D10AB0C00E5FFA1 /* ViewControllers */ = {
			isa = PBXGroup;
			children = (
				B2BE1FE72D0B557300BC4472 /* MainViewController.swift */,
				B2CFB3642D0CA62900321D1F /* DetailViewController.swift */,
			);
			path = ViewControllers;
			sourceTree = "<group>";
		};
		B2D5E31C2D10AB1500E5FFA1 /* Views */ = {
			isa = PBXGroup;
			children = (
				B2BE1FE92D0B557300BC4472 /* Main.storyboard */,
				B2BE1FEE2D0B557400BC4472 /* LaunchScreen.storyboard */,
			);
			path = Views;
			sourceTree = "<group>";
		};
		B2D5E31D2D10AB3E00E5FFA1 /* Entities */ = {
			isa = PBXGroup;
			children = (
				B2BE1FF72D0B57E300BC4472 /* Horoscope.swift */,
			);
			path = Entities;
			sourceTree = "<group>";
		};
		B2D5E31E2D10AB8100E5FFA1 /* TableViewCells */ = {
			isa = PBXGroup;
			children = (
				B2BE1FF92D0B5CA700BC4472 /* HoroscopeViewCell.swift */,
			);
			path = TableViewCells;
			sourceTree = "<group>";
		};
/* End PBXGroup section */

/* Begin PBXNativeTarget section */
		B2BE1FDF2D0B557300BC4472 /* Horoscopo */ = {
			isa = PBXNativeTarget;
			buildConfigurationList = B2BE1FF42D0B557400BC4472 /* Build configuration list for PBXNativeTarget "Horoscopo" */;
			buildPhases = (
				B2BE1FDC2D0B557300BC4472 /* Sources */,
				B2BE1FDD2D0B557300BC4472 /* Frameworks */,
				B2BE1FDE2D0B557300BC4472 /* Resources */,
			);
			buildRules = (
			);
			dependencies = (
			);
			name = Horoscopo;
			productName = Horoscopo;
			productReference = B2BE1FE02D0B557300BC4472 /* Horoscopo.app */;
			productType = "com.apple.product-type.application";
		};
/* End PBXNativeTarget section */

/* Begin PBXProject section */
		B2BE1FD82D0B557300BC4472 /* Project object */ = {
			isa = PBXProject;
			attributes = {
				BuildIndependentTargetsInParallel = 1;
				LastSwiftUpdateCheck = 1540;
				LastUpgradeCheck = 1540;
				TargetAttributes = {
					B2BE1FDF2D0B557300BC4472 = {
						CreatedOnToolsVersion = 15.4;
					};
				};
			};
			buildConfigurationList = B2BE1FDB2D0B557300BC4472 /* Build configuration list for PBXProject "Horoscopo" */;
			compatibilityVersion = "Xcode 14.0";
			developmentRegion = en;
			hasScannedForEncodings = 0;
			knownRegions = (
				en,
				Base,
			);
			mainGroup = B2BE1FD72D0B557300BC4472;
			productRefGroup = B2BE1FE12D0B557300BC4472 /* Products */;
			projectDirPath = "";
			projectRoot = "";
			targets = (
				B2BE1FDF2D0B557300BC4472 /* Horoscopo */,
			);
		};
/* End PBXProject section */

/* Begin PBXResourcesBuildPhase section */
		B2BE1FDE2D0B557300BC4472 /* Resources */ = {
			isa = PBXResourcesBuildPhase;
			buildActionMask = 2147483647;
			files = (
				B2BE1FED2D0B557400BC4472 /* Assets.xcassets in Resources */,
				B2BE1FF02D0B557400BC4472 /* Base in Resources */,
				B2BE1FEB2D0B557300BC4472 /* Base in Resources */,
			);
			runOnlyForDeploymentPostprocessing = 0;
		};
/* End PBXResourcesBuildPhase section */

/* Begin PBXSourcesBuildPhase section */
		B2BE1FDC2D0B557300BC4472 /* Sources */ = {
			isa = PBXSourcesBuildPhase;
			buildActionMask = 2147483647;
			files = (
				B2BE1FFA2D0B5CA700BC4472 /* HoroscopeViewCell.swift in Sources */,
				B2BE1FF82D0B57E300BC4472 /* Horoscope.swift in Sources */,
				B2BE1FE82D0B557300BC4472 /* MainViewController.swift in Sources */,
				B2CFB3652D0CA62900321D1F /* DetailViewController.swift in Sources */,
				B2BE1FE42D0B557300BC4472 /* AppDelegate.swift in Sources */,
				B2BE1FE62D0B557300BC4472 /* SceneDelegate.swift in Sources */,
				B2D5E3202D10AC1B00E5FFA1 /* SessionManager.swift in Sources */,
			);
			runOnlyForDeploymentPostprocessing = 0;
		};
/* End PBXSourcesBuildPhase section */

/* Begin PBXVariantGroup section */
		B2BE1FE92D0B557300BC4472 /* Main.storyboard */ = {
			isa = PBXVariantGroup;
			children = (
				B2BE1FEA2D0B557300BC4472 /* Base */,
			);
			name = Main.storyboard;
			sourceTree = "<group>";
		};
		B2BE1FEE2D0B557400BC4472 /* LaunchScreen.storyboard */ = {
			isa = PBXVariantGroup;
			children = (
				B2BE1FEF2D0B557400BC4472 /* Base */,
			);
			name = LaunchScreen.storyboard;
			sourceTree = "<group>";
		};
/* End PBXVariantGroup section */

/* Begin XCBuildConfiguration section */
		B2BE1FF22D0B557400BC4472 /* Debug */ = {
			isa = XCBuildConfiguration;
			buildSettings = {
				ALWAYS_SEARCH_USER_PATHS = NO;
				ASSETCATALOG_COMPILER_GENERATE_SWIFT_ASSET_SYMBOL_EXTENSIONS = YES;
				CLANG_ANALYZER_NONNULL = YES;
				CLANG_ANALYZER_NUMBER_OBJECT_CONVERSION = YES_AGGRESSIVE;
				CLANG_CXX_LANGUAGE_STANDARD = "gnu++20";
				CLANG_ENABLE_MODULES = YES;
				CLANG_ENABLE_OBJC_ARC = YES;
				CLANG_ENABLE_OBJC_WEAK = YES;
				CLANG_WARN_BLOCK_CAPTURE_AUTORELEASING = YES;
				CLANG_WARN_BOOL_CONVERSION = YES;
				CLANG_WARN_COMMA = YES;
				CLANG_WARN_CONSTANT_CONVERSION = YES;
				CLANG_WARN_DEPRECATED_OBJC_IMPLEMENTATIONS = YES;
				CLANG_WARN_DIRECT_OBJC_ISA_USAGE = YES_ERROR;
				CLANG_WARN_DOCUMENTATION_COMMENTS = YES;
				CLANG_WARN_EMPTY_BODY = YES;
				CLANG_WARN_ENUM_CONVERSION = YES;
				CLANG_WARN_INFINITE_RECURSION = YES;
				CLANG_WARN_INT_CONVERSION = YES;
				CLANG_WARN_NON_LITERAL_NULL_CONVERSION = YES;
				CLANG_WARN_OBJC_IMPLICIT_RETAIN_SELF = YES;
				CLANG_WARN_OBJC_LITERAL_CONVERSION = YES;
				CLANG_WARN_OBJC_ROOT_CLASS = YES_ERROR;
				CLANG_WARN_QUOTED_INCLUDE_IN_FRAMEWORK_HEADER = YES;
				CLANG_WARN_RANGE_LOOP_ANALYSIS = YES;
				CLANG_WARN_STRICT_PROTOTYPES = YES;
				CLANG_WARN_SUSPICIOUS_MOVE = YES;
				CLANG_WARN_UNGUARDED_AVAILABILITY = YES_AGGRESSIVE;
				CLANG_WARN_UNREACHABLE_CODE = YES;
				CLANG_WARN__DUPLICATE_METHOD_MATCH = YES;
				COPY_PHASE_STRIP = NO;
				DEBUG_INFORMATION_FORMAT = dwarf;
				ENABLE_STRICT_OBJC_MSGSEND = YES;
				ENABLE_TESTABILITY = YES;
				ENABLE_USER_SCRIPT_SANDBOXING = YES;
				GCC_C_LANGUAGE_STANDARD = gnu17;
				GCC_DYNAMIC_NO_PIC = NO;
				GCC_NO_COMMON_BLOCKS = YES;
				GCC_OPTIMIZATION_LEVEL = 0;
				GCC_PREPROCESSOR_DEFINITIONS = (
					"DEBUG=1",
					"$(inherited)",
				);
				GCC_WARN_64_TO_32_BIT_CONVERSION = YES;
				GCC_WARN_ABOUT_RETURN_TYPE = YES_ERROR;
				GCC_WARN_UNDECLARED_SELECTOR = YES;
				GCC_WARN_UNINITIALIZED_AUTOS = YES_AGGRESSIVE;
				GCC_WARN_UNUSED_FUNCTION = YES;
				GCC_WARN_UNUSED_VARIABLE = YES;
				IPHONEOS_DEPLOYMENT_TARGET = 17.5;
				LOCALIZATION_PREFERS_STRING_CATALOGS = YES;
				MTL_ENABLE_DEBUG_INFO = INCLUDE_SOURCE;
				MTL_FAST_MATH = YES;
				ONLY_ACTIVE_ARCH = YES;
				SDKROOT = iphoneos;
				SWIFT_ACTIVE_COMPILATION_CONDITIONS = "DEBUG $(inherited)";
				SWIFT_OPTIMIZATION_LEVEL = "-Onone";
			};
			name = Debug;
		};
		B2BE1FF32D0B557400BC4472 /* Release */ = {
			isa = XCBuildConfiguration;
			buildSettings = {
				ALWAYS_SEARCH_USER_PATHS = NO;
				ASSETCATALOG_COMPILER_GENERATE_SWIFT_ASSET_SYMBOL_EXTENSIONS = YES;
				CLANG_ANALYZER_NONNULL = YES;
				CLANG_ANALYZER_NUMBER_OBJECT_CONVERSION = YES_AGGRESSIVE;
				CLANG_CXX_LANGUAGE_STANDARD = "gnu++20";
				CLANG_ENABLE_MODULES = YES;
				CLANG_ENABLE_OBJC_ARC = YES;
				CLANG_ENABLE_OBJC_WEAK = YES;
				CLANG_WARN_BLOCK_CAPTURE_AUTORELEASING = YES;
				CLANG_WARN_BOOL_CONVERSION = YES;
				CLANG_WARN_COMMA = YES;
				CLANG_WARN_CONSTANT_CONVERSION = YES;
				CLANG_WARN_DEPRECATED_OBJC_IMPLEMENTATIONS = YES;
				CLANG_WARN_DIRECT_OBJC_ISA_USAGE = YES_ERROR;
				CLANG_WARN_DOCUMENTATION_COMMENTS = YES;
				CLANG_WARN_EMPTY_BODY = YES;
				CLANG_WARN_ENUM_CONVERSION = YES;
				CLANG_WARN_INFINITE_RECURSION = YES;
				CLANG_WARN_INT_CONVERSION = YES;
				CLANG_WARN_NON_LITERAL_NULL_CONVERSION = YES;
				CLANG_WARN_OBJC_IMPLICIT_RETAIN_SELF = YES;
				CLANG_WARN_OBJC_LITERAL_CONVERSION = YES;
				CLANG_WARN_OBJC_ROOT_CLASS = YES_ERROR;
				CLANG_WARN_QUOTED_INCLUDE_IN_FRAMEWORK_HEADER = YES;
				CLANG_WARN_RANGE_LOOP_ANALYSIS = YES;
				CLANG_WARN_STRICT_PROTOTYPES = YES;
				CLANG_WARN_SUSPICIOUS_MOVE = YES;
				CLANG_WARN_UNGUARDED_AVAILABILITY = YES_AGGRESSIVE;
				CLANG_WARN_UNREACHABLE_CODE = YES;
				CLANG_WARN__DUPLICATE_METHOD_MATCH = YES;
				COPY_PHASE_STRIP = NO;
				DEBUG_INFORMATION_FORMAT = "dwarf-with-dsym";
				ENABLE_NS_ASSERTIONS = NO;
				ENABLE_STRICT_OBJC_MSGSEND = YES;
				ENABLE_USER_SCRIPT_SANDBOXING = YES;
				GCC_C_LANGUAGE_STANDARD = gnu17;
				GCC_NO_COMMON_BLOCKS = YES;
				GCC_WARN_64_TO_32_BIT_CONVERSION = YES;
				GCC_WARN_ABOUT_RETURN_TYPE = YES_ERROR;
				GCC_WARN_UNDECLARED_SELECTOR = YES;
				GCC_WARN_UNINITIALIZED_AUTOS = YES_AGGRESSIVE;
				GCC_WARN_UNUSED_FUNCTION = YES;
				GCC_WARN_UNUSED_VARIABLE = YES;
				IPHONEOS_DEPLOYMENT_TARGET = 17.5;
				LOCALIZATION_PREFERS_STRING_CATALOGS = YES;
				MTL_ENABLE_DEBUG_INFO = NO;
				MTL_FAST_MATH = YES;
				SDKROOT = iphoneos;
				SWIFT_COMPILATION_MODE = wholemodule;
				VALIDATE_PRODUCT = YES;
			};
			name = Release;
		};
		B2BE1FF52D0B557400BC4472 /* Debug */ = {
			isa = XCBuildConfiguration;
			buildSettings = {
				ASSETCATALOG_COMPILER_APPICON_NAME = AppIcon;
				ASSETCATALOG_COMPILER_GLOBAL_ACCENT_COLOR_NAME = AccentColor;
				CODE_SIGN_STYLE = Automatic;
				CURRENT_PROJECT_VERSION = 1;
				GENERATE_INFOPLIST_FILE = YES;
				INFOPLIST_FILE = Horoscopo/Info.plist;
				INFOPLIST_KEY_UIApplicationSupportsIndirectInputEvents = YES;
				INFOPLIST_KEY_UILaunchStoryboardName = LaunchScreen;
				INFOPLIST_KEY_UIMainStoryboardFile = Main;
				INFOPLIST_KEY_UISupportedInterfaceOrientations_iPad = "UIInterfaceOrientationPortrait UIInterfaceOrientationPortraitUpsideDown UIInterfaceOrientationLandscapeLeft UIInterfaceOrientationLandscapeRight";
				INFOPLIST_KEY_UISupportedInterfaceOrientations_iPhone = "UIInterfaceOrientationPortrait UIInterfaceOrientationLandscapeLeft UIInterfaceOrientationLandscapeRight";
				LD_RUNPATH_SEARCH_PATHS = (
					"$(inherited)",
					"@executable_path/Frameworks",
				);
				MARKETING_VERSION = 1.0;
				PRODUCT_BUNDLE_IDENTIFIER = com.example.Horoscopo;
				PRODUCT_NAME = "$(TARGET_NAME)";
				SWIFT_EMIT_LOC_STRINGS = YES;
				SWIFT_VERSION = 5.0;
				TARGETED_DEVICE_FAMILY = "1,2";
			};
			name = Debug;
		};
		B2BE1FF62D0B557400BC4472 /* Release */ = {
			isa = XCBuildConfiguration;
			buildSettings = {
				ASSETCATALOG_COMPILER_APPICON_NAME = AppIcon;
				ASSETCATALOG_COMPILER_GLOBAL_ACCENT_COLOR_NAME = AccentColor;
				CODE_SIGN_STYLE = Automatic;
				CURRENT_PROJECT_VERSION = 1;
				GENERATE_INFOPLIST_FILE = YES;
				INFOPLIST_FILE = Horoscopo/Info.plist;
				INFOPLIST_KEY_UIApplicationSupportsIndirectInputEvents = YES;
				INFOPLIST_KEY_UILaunchStoryboardName = LaunchScreen;
				INFOPLIST_KEY_UIMainStoryboardFile = Main;
				INFOPLIST_KEY_UISupportedInterfaceOrientations_iPad = "UIInterfaceOrientationPortrait UIInterfaceOrientationPortraitUpsideDown UIInterfaceOrientationLandscapeLeft UIInterfaceOrientationLandscapeRight";
				INFOPLIST_KEY_UISupportedInterfaceOrientations_iPhone = "UIInterfaceOrientationPortrait UIInterfaceOrientationLandscapeLeft UIInterfaceOrientationLandscapeRight";
				LD_RUNPATH_SEARCH_PATHS = (
					"$(inherited)",
					"@executable_path/Frameworks",
				);
				MARKETING_VERSION = 1.0;
				PRODUCT_BUNDLE_IDENTIFIER = com.example.Horoscopo;
				PRODUCT_NAME = "$(TARGET_NAME)";
				SWIFT_EMIT_LOC_STRINGS = YES;
				SWIFT_VERSION = 5.0;
				TARGETED_DEVICE_FAMILY = "1,2";
			};
			name = Release;
		};
/* End XCBuildConfiguration section */

/* Begin XCConfigurationList section */
		B2BE1FDB2D0B557300BC4472 /* Build configuration list for PBXProject "Horoscopo" */ = {
			isa = XCConfigurationList;
			buildConfigurations = (
				B2BE1FF22D0B557400BC4472 /* Debug */,
				B2BE1FF32D0B557400BC4472 /* Release */,
			);
			defaultConfigurationIsVisible = 0;
			defaultConfigurationName = Release;
		};
		B2BE1FF42D0B557400BC4472 /* Build configuration list for PBXNativeTarget "Horoscopo" */ = {
			isa = XCConfigurationList;
			buildConfigurations = (
				B2BE1FF52D0B557400BC4472 /* Debug */,
				B2BE1FF62D0B557400BC4472 /* Release */,
			);
			defaultConfigurationIsVisible = 0;
			defaultConfigurationName = Release;
		};
/* End XCConfigurationList section */
	};
	rootObject = B2BE1FD82D0B557300BC4472 /* Project object */;
}
